{
	"name": "@microsoft/atlas-design",
	"version": "1.0.0",
	"lockfileVersion": 2,
	"requires": true,
	"packages": {
		"": {
			"name": "@microsoft/atlas-design",
			"version": "1.0.0",
			"license": "MIT",
			"workspaces": [
				"css"
			]
		},
		"css": {
			"name": "@microsoft/atlas-css",
			"version": "0.0.1",
			"license": "MIT"
		},
		"node_modules/@microsoft/atlas-css": {
			"resolved": "css",
			"link": true
		}
	},
	"dependencies": {
		"@microsoft/atlas-css": {
			"version": "file:css"
		}
	}
}
